
Microsoft Visual Studio Solution File, Format Version 12.00
# Visual Studio Version 16
VisualStudioVersion = 16.0.29215.179
MinimumVisualStudioVersion = 10.0.40219.1
Project("{FAE04EC0-301F-11D3-BF4B-00C04F79EFBC}") = "Civ5Colony", "Civ5Colony\Civ5Colony.csproj", "{34DB6AD8-5C4B-46FB-B83B-E064365D15CB}"
EndProject
Global
	GlobalSection(SolutionConfigurationPlatforms) = preSolution
		Debug|Any CPU = Debug|Any CPU
		Release|Any CPU = Release|Any CPU
	EndGlobalSection
	GlobalSection(ProjectConfigurationPlatforms) = postSolution
		{34DB6AD8-5C4B-46FB-B83B-E064365D15CB}.Debug|Any CPU.ActiveCfg = Debug|Any CPU
		{34DB6AD8-5C4B-46FB-B83B-E064365D15CB}.Debug|Any CPU.Build.0 = Debug|Any CPU
		{34DB6AD8-5C4B-46FB-B83B-E064365D15CB}.Release|Any CPU.ActiveCfg = Release|Any CPU
		{34DB6AD8-5C4B-46FB-B83B-E064365D15CB}.Release|Any CPU.Build.0 = Release|Any CPU
	EndGlobalSection
	GlobalSection(SolutionProperties) = preSolution
		HideSolutionNode = FALSE
	EndGlobalSection
	GlobalSection(ExtensibilityGlobals) = postSolution
		SolutionGuid = {1D5E269E-AA48-465B-969F-07918883BD68}
	EndGlobalSection
EndGlobal
